// !$*UTF8*$!
{
	archiveVersion = 1;
	classes = {
	};
	objectVersion = 56;
	objects = {

/* Begin PBXBuildFile section */
		F71ACC092BD553D100EDE3A6 /* CommentSubmitView.swift in Sources */ = {isa = PBXBuildFile; fileRef = F71ACC082BD553D100EDE3A6 /* CommentSubmitView.swift */; };
		F71ACC0B2BD6A7CC00EDE3A6 /* AppFont.swift in Sources */ = {isa = PBXBuildFile; fileRef = F71ACC0A2BD6A7CC00EDE3A6 /* AppFont.swift */; };
		F71ACC0D2BD78F1C00EDE3A6 /* PlaceholderTextView.swift in Sources */ = {isa = PBXBuildFile; fileRef = F71ACC0C2BD78F1C00EDE3A6 /* PlaceholderTextView.swift */; };
		F744FD542B7CD3F80054CBC1 /* StudentsModel.swift in Sources */ = {isa = PBXBuildFile; fileRef = F744FD532B7CD3F80054CBC1 /* StudentsModel.swift */; };
		F76081412B877D3A00B6D792 /* DayScheduleAPI.swift in Sources */ = {isa = PBXBuildFile; fileRef = F76081402B877D3A00B6D792 /* DayScheduleAPI.swift */; };
		F76081432B88DFC300B6D792 /* StudentWeekAPI.swift in Sources */ = {isa = PBXBuildFile; fileRef = F76081422B88DFC300B6D792 /* StudentWeekAPI.swift */; };
		F76081462B88E46000B6D792 /* NetworkAPI.swift in Sources */ = {isa = PBXBuildFile; fileRef = F76081452B88E46000B6D792 /* NetworkAPI.swift */; };
		F76081482B8A170F00B6D792 /* KEYS.swift in Sources */ = {isa = PBXBuildFile; fileRef = F76081472B8A170F00B6D792 /* KEYS.swift */; };
		F760814A2B8B73DA00B6D792 /* StringExtension.swift in Sources */ = {isa = PBXBuildFile; fileRef = F76081492B8B73DA00B6D792 /* StringExtension.swift */; };
		F760814C2B8B75CA00B6D792 /* SubjectDetailsViewController.swift in Sources */ = {isa = PBXBuildFile; fileRef = F760814B2B8B75CA00B6D792 /* SubjectDetailsViewController.swift */; };
		F76C6B632B67D06900EACFEB /* AppDelegate.swift in Sources */ = {isa = PBXBuildFile; fileRef = F76C6B622B67D06900EACFEB /* AppDelegate.swift */; };
		F76C6B652B67D06900EACFEB /* SceneDelegate.swift in Sources */ = {isa = PBXBuildFile; fileRef = F76C6B642B67D06900EACFEB /* SceneDelegate.swift */; };
		F76C6B672B67D06900EACFEB /* MainTabBarViewController.swift in Sources */ = {isa = PBXBuildFile; fileRef = F76C6B662B67D06900EACFEB /* MainTabBarViewController.swift */; };
		F76C6B6A2B67D06900EACFEB /* Main.storyboard in Resources */ = {isa = PBXBuildFile; fileRef = F76C6B682B67D06900EACFEB /* Main.storyboard */; };
		F76C6B6C2B67D06B00EACFEB /* Assets.xcassets in Resources */ = {isa = PBXBuildFile; fileRef = F76C6B6B2B67D06B00EACFEB /* Assets.xcassets */; };
		F76C6B6F2B67D06B00EACFEB /* LaunchScreen.storyboard in Resources */ = {isa = PBXBuildFile; fileRef = F76C6B6D2B67D06B00EACFEB /* LaunchScreen.storyboard */; };
		F76C6B792B67E24600EACFEB /* ScheduleViewController.swift in Sources */ = {isa = PBXBuildFile; fileRef = F76C6B782B67E24600EACFEB /* ScheduleViewController.swift */; };
		F76C6B7B2B67E29000EACFEB /* PerformanceViewController.swift in Sources */ = {isa = PBXBuildFile; fileRef = F76C6B7A2B67E29000EACFEB /* PerformanceViewController.swift */; };
		F76C6B7D2B67E2C500EACFEB /* ProfileViewController.swift in Sources */ = {isa = PBXBuildFile; fileRef = F76C6B7C2B67E2C500EACFEB /* ProfileViewController.swift */; };
		F76C6B802B693D4900EACFEB /* SnapKit in Frameworks */ = {isa = PBXBuildFile; productRef = F76C6B7F2B693D4900EACFEB /* SnapKit */; };
		F76C6B862B694DF900EACFEB /* EllipseView.swift in Sources */ = {isa = PBXBuildFile; fileRef = F76C6B852B694DF900EACFEB /* EllipseView.swift */; };
		F76C6BC82B6A96A900EACFEB /* Jost-BoldItalic.ttf in Resources */ = {isa = PBXBuildFile; fileRef = F76C6BB62B6A96A900EACFEB /* Jost-BoldItalic.ttf */; };
		F76C6BC92B6A96A900EACFEB /* Jost-Bold.ttf in Resources */ = {isa = PBXBuildFile; fileRef = F76C6BB72B6A96A900EACFEB /* Jost-Bold.ttf */; };
		F76C6BCA2B6A96A900EACFEB /* Jost-ThinItalic.ttf in Resources */ = {isa = PBXBuildFile; fileRef = F76C6BB82B6A96A900EACFEB /* Jost-ThinItalic.ttf */; };
		F76C6BCB2B6A96A900EACFEB /* Jost-ExtraLight.ttf in Resources */ = {isa = PBXBuildFile; fileRef = F76C6BB92B6A96A900EACFEB /* Jost-ExtraLight.ttf */; };
		F76C6BCC2B6A96A900EACFEB /* Jost-BlackItalic.ttf in Resources */ = {isa = PBXBuildFile; fileRef = F76C6BBA2B6A96A900EACFEB /* Jost-BlackItalic.ttf */; };
		F76C6BCD2B6A96A900EACFEB /* Jost-ExtraBoldItalic.ttf in Resources */ = {isa = PBXBuildFile; fileRef = F76C6BBB2B6A96A900EACFEB /* Jost-ExtraBoldItalic.ttf */; };
		F76C6BCE2B6A96A900EACFEB /* Jost-Thin.ttf in Resources */ = {isa = PBXBuildFile; fileRef = F76C6BBC2B6A96A900EACFEB /* Jost-Thin.ttf */; };
		F76C6BCF2B6A96A900EACFEB /* Jost-LightItalic.ttf in Resources */ = {isa = PBXBuildFile; fileRef = F76C6BBD2B6A96A900EACFEB /* Jost-LightItalic.ttf */; };
		F76C6BD02B6A96A900EACFEB /* Jost-Black.ttf in Resources */ = {isa = PBXBuildFile; fileRef = F76C6BBE2B6A96A900EACFEB /* Jost-Black.ttf */; };
		F76C6BD12B6A96A900EACFEB /* Jost-ExtraLightItalic.ttf in Resources */ = {isa = PBXBuildFile; fileRef = F76C6BBF2B6A96A900EACFEB /* Jost-ExtraLightItalic.ttf */; };
		F76C6BD22B6A96A900EACFEB /* Jost-Medium.ttf in Resources */ = {isa = PBXBuildFile; fileRef = F76C6BC02B6A96A900EACFEB /* Jost-Medium.ttf */; };
		F76C6BD32B6A96A900EACFEB /* Jost-Regular.ttf in Resources */ = {isa = PBXBuildFile; fileRef = F76C6BC12B6A96A900EACFEB /* Jost-Regular.ttf */; };
		F76C6BD42B6A96A900EACFEB /* Jost-ExtraBold.ttf in Resources */ = {isa = PBXBuildFile; fileRef = F76C6BC22B6A96A900EACFEB /* Jost-ExtraBold.ttf */; };
		F76C6BD52B6A96A900EACFEB /* Jost-Light.ttf in Resources */ = {isa = PBXBuildFile; fileRef = F76C6BC32B6A96A900EACFEB /* Jost-Light.ttf */; };
		F76C6BD62B6A96A900EACFEB /* Jost-Italic.ttf in Resources */ = {isa = PBXBuildFile; fileRef = F76C6BC42B6A96A900EACFEB /* Jost-Italic.ttf */; };
		F76C6BD72B6A96A900EACFEB /* Jost-SemiBoldItalic.ttf in Resources */ = {isa = PBXBuildFile; fileRef = F76C6BC52B6A96A900EACFEB /* Jost-SemiBoldItalic.ttf */; };
		F76C6BD82B6A96A900EACFEB /* Jost-SemiBold.ttf in Resources */ = {isa = PBXBuildFile; fileRef = F76C6BC62B6A96A900EACFEB /* Jost-SemiBold.ttf */; };
		F76C6BD92B6A96A900EACFEB /* Jost-MediumItalic.ttf in Resources */ = {isa = PBXBuildFile; fileRef = F76C6BC72B6A96A900EACFEB /* Jost-MediumItalic.ttf */; };
		F79083072B9F2C8300B9386E /* NeobisUILabel.swift in Sources */ = {isa = PBXBuildFile; fileRef = F79083062B9F2C8300B9386E /* NeobisUILabel.swift */; };
		F79083092B9F31B400B9386E /* HomeworkPanelViewController.swift in Sources */ = {isa = PBXBuildFile; fileRef = F79083082B9F31B400B9386E /* HomeworkPanelViewController.swift */; };
		F79533F92BDFD461004A76C6 /* SnackBarView.swift in Sources */ = {isa = PBXBuildFile; fileRef = F79533F82BDFD461004A76C6 /* SnackBarView.swift */; };
		F79533FB2BDFF9D8004A76C6 /* Errors.swift in Sources */ = {isa = PBXBuildFile; fileRef = F79533FA2BDFF9D8004A76C6 /* Errors.swift */; };
		F79533FD2BE10098004A76C6 /* SnackbarExtension.swift in Sources */ = {isa = PBXBuildFile; fileRef = F79533FC2BE10098004A76C6 /* SnackbarExtension.swift */; };
		F79533FF2BE38890004A76C6 /* DetailViewController.swift in Sources */ = {isa = PBXBuildFile; fileRef = F79533FE2BE38890004A76C6 /* DetailViewController.swift */; };
		F79534012BE3C076004A76C6 /* AttachedFilesDetailViewController.swift in Sources */ = {isa = PBXBuildFile; fileRef = F79534002BE3C076004A76C6 /* AttachedFilesDetailViewController.swift */; };
		F79534032BEA5DD7004A76C6 /* ImagesAPI.swift in Sources */ = {isa = PBXBuildFile; fileRef = F79534022BEA5DD7004A76C6 /* ImagesAPI.swift */; };
		F79534052BEBB443004A76C6 /* HomeworkSubmissionViewController.swift in Sources */ = {isa = PBXBuildFile; fileRef = F79534042BEBB442004A76C6 /* HomeworkSubmissionViewController.swift */; };
		F79534072BEBBF1E004A76C6 /* CommentView.swift in Sources */ = {isa = PBXBuildFile; fileRef = F79534062BEBBF1E004A76C6 /* CommentView.swift */; };
		F7CAE69D2B70A8BE004916E3 /* WeekdayCollectionViewCell.swift in Sources */ = {isa = PBXBuildFile; fileRef = F7CAE69C2B70A8BE004916E3 /* WeekdayCollectionViewCell.swift */; };
		F7CAE6A12B73DD01004916E3 /* WorkdayScheduleViewController.swift in Sources */ = {isa = PBXBuildFile; fileRef = F7CAE6A02B73DD01004916E3 /* WorkdayScheduleViewController.swift */; };
		F7CAE6A52B762C81004916E3 /* SchoolNavViewController.swift in Sources */ = {isa = PBXBuildFile; fileRef = F7CAE6A42B762C81004916E3 /* SchoolNavViewController.swift */; };
		F7CAE6AB2B78F13F004916E3 /* DaySubjectsViewController.swift in Sources */ = {isa = PBXBuildFile; fileRef = F7CAE6AA2B78F13F004916E3 /* DaySubjectsViewController.swift */; };
		F7CAE6AE2B78F4F4004916E3 /* SubjectCollectionViewCell.swift in Sources */ = {isa = PBXBuildFile; fileRef = F7CAE6AD2B78F4F4004916E3 /* SubjectCollectionViewCell.swift */; };
		F7CAE6B02B791D50004916E3 /* GradeView.swift in Sources */ = {isa = PBXBuildFile; fileRef = F7CAE6AF2B791D50004916E3 /* GradeView.swift */; };
		F7D00B272B9B58370072FAB2 /* SubjectDetailsViewModel.swift in Sources */ = {isa = PBXBuildFile; fileRef = F7D00B262B9B58370072FAB2 /* SubjectDetailsViewModel.swift */; };
		F7D6CE302BC97E64000CBB1F /* AttachedFilesModel.swift in Sources */ = {isa = PBXBuildFile; fileRef = F7D6CE2F2BC97E64000CBB1F /* AttachedFilesModel.swift */; };
		F7E5625B2BD173600029B822 /* DataStringExtension.swift in Sources */ = {isa = PBXBuildFile; fileRef = F7E5625A2BD173600029B822 /* DataStringExtension.swift */; };
		F7F581632BB84D6B00FFC6C9 /* FilesCollectionViewController.swift in Sources */ = {isa = PBXBuildFile; fileRef = F7F581622BB84D6B00FFC6C9 /* FilesCollectionViewController.swift */; };
		F7F581662BBC49D000FFC6C9 /* FilesCollectionViewCell.swift in Sources */ = {isa = PBXBuildFile; fileRef = F7F581652BBC49D000FFC6C9 /* FilesCollectionViewCell.swift */; };
/* End PBXBuildFile section */

/* Begin PBXFileReference section */
		F71ACC082BD553D100EDE3A6 /* CommentSubmitView.swift */ = {isa = PBXFileReference; lastKnownFileType = sourcecode.swift; path = CommentSubmitView.swift; sourceTree = "<group>"; };
		F71ACC0A2BD6A7CC00EDE3A6 /* AppFont.swift */ = {isa = PBXFileReference; lastKnownFileType = sourcecode.swift; path = AppFont.swift; sourceTree = "<group>"; };
		F71ACC0C2BD78F1C00EDE3A6 /* PlaceholderTextView.swift */ = {isa = PBXFileReference; lastKnownFileType = sourcecode.swift; path = PlaceholderTextView.swift; sourceTree = "<group>"; };
		F744FD532B7CD3F80054CBC1 /* StudentsModel.swift */ = {isa = PBXFileReference; lastKnownFileType = sourcecode.swift; path = StudentsModel.swift; sourceTree = "<group>"; };
		F76081402B877D3A00B6D792 /* DayScheduleAPI.swift */ = {isa = PBXFileReference; lastKnownFileType = sourcecode.swift; path = DayScheduleAPI.swift; sourceTree = "<group>"; };
		F76081422B88DFC300B6D792 /* StudentWeekAPI.swift */ = {isa = PBXFileReference; lastKnownFileType = sourcecode.swift; path = StudentWeekAPI.swift; sourceTree = "<group>"; };
		F76081452B88E46000B6D792 /* NetworkAPI.swift */ = {isa = PBXFileReference; lastKnownFileType = sourcecode.swift; path = NetworkAPI.swift; sourceTree = "<group>"; };
		F76081472B8A170F00B6D792 /* KEYS.swift */ = {isa = PBXFileReference; lastKnownFileType = sourcecode.swift; path = KEYS.swift; sourceTree = "<group>"; };
		F76081492B8B73DA00B6D792 /* StringExtension.swift */ = {isa = PBXFileReference; lastKnownFileType = sourcecode.swift; path = StringExtension.swift; sourceTree = "<group>"; };
		F760814B2B8B75CA00B6D792 /* SubjectDetailsViewController.swift */ = {isa = PBXFileReference; lastKnownFileType = sourcecode.swift; path = SubjectDetailsViewController.swift; sourceTree = "<group>"; };
		F76C6B5F2B67D06900EACFEB /* NeoSchool.app */ = {isa = PBXFileReference; explicitFileType = wrapper.application; includeInIndex = 0; path = NeoSchool.app; sourceTree = BUILT_PRODUCTS_DIR; };
		F76C6B622B67D06900EACFEB /* AppDelegate.swift */ = {isa = PBXFileReference; lastKnownFileType = sourcecode.swift; path = AppDelegate.swift; sourceTree = "<group>"; };
		F76C6B642B67D06900EACFEB /* SceneDelegate.swift */ = {isa = PBXFileReference; lastKnownFileType = sourcecode.swift; path = SceneDelegate.swift; sourceTree = "<group>"; };
		F76C6B662B67D06900EACFEB /* MainTabBarViewController.swift */ = {isa = PBXFileReference; lastKnownFileType = sourcecode.swift; path = MainTabBarViewController.swift; sourceTree = "<group>"; };
		F76C6B692B67D06900EACFEB /* Base */ = {isa = PBXFileReference; lastKnownFileType = file.storyboard; name = Base; path = Base.lproj/Main.storyboard; sourceTree = "<group>"; };
		F76C6B6B2B67D06B00EACFEB /* Assets.xcassets */ = {isa = PBXFileReference; lastKnownFileType = folder.assetcatalog; path = Assets.xcassets; sourceTree = "<group>"; };
		F76C6B6E2B67D06B00EACFEB /* Base */ = {isa = PBXFileReference; lastKnownFileType = file.storyboard; name = Base; path = Base.lproj/LaunchScreen.storyboard; sourceTree = "<group>"; };
		F76C6B702B67D06B00EACFEB /* Info.plist */ = {isa = PBXFileReference; lastKnownFileType = text.plist.xml; path = Info.plist; sourceTree = "<group>"; };
		F76C6B782B67E24600EACFEB /* ScheduleViewController.swift */ = {isa = PBXFileReference; lastKnownFileType = sourcecode.swift; path = ScheduleViewController.swift; sourceTree = "<group>"; };
		F76C6B7A2B67E29000EACFEB /* PerformanceViewController.swift */ = {isa = PBXFileReference; lastKnownFileType = sourcecode.swift; path = PerformanceViewController.swift; sourceTree = "<group>"; };
		F76C6B7C2B67E2C500EACFEB /* ProfileViewController.swift */ = {isa = PBXFileReference; lastKnownFileType = sourcecode.swift; path = ProfileViewController.swift; sourceTree = "<group>"; };
		F76C6B852B694DF900EACFEB /* EllipseView.swift */ = {isa = PBXFileReference; lastKnownFileType = sourcecode.swift; path = EllipseView.swift; sourceTree = "<group>"; };
		F76C6BB62B6A96A900EACFEB /* Jost-BoldItalic.ttf */ = {isa = PBXFileReference; lastKnownFileType = file; path = "Jost-BoldItalic.ttf"; sourceTree = "<group>"; };
		F76C6BB72B6A96A900EACFEB /* Jost-Bold.ttf */ = {isa = PBXFileReference; lastKnownFileType = file; path = "Jost-Bold.ttf"; sourceTree = "<group>"; };
		F76C6BB82B6A96A900EACFEB /* Jost-ThinItalic.ttf */ = {isa = PBXFileReference; lastKnownFileType = file; path = "Jost-ThinItalic.ttf"; sourceTree = "<group>"; };
		F76C6BB92B6A96A900EACFEB /* Jost-ExtraLight.ttf */ = {isa = PBXFileReference; lastKnownFileType = file; path = "Jost-ExtraLight.ttf"; sourceTree = "<group>"; };
		F76C6BBA2B6A96A900EACFEB /* Jost-BlackItalic.ttf */ = {isa = PBXFileReference; lastKnownFileType = file; path = "Jost-BlackItalic.ttf"; sourceTree = "<group>"; };
		F76C6BBB2B6A96A900EACFEB /* Jost-ExtraBoldItalic.ttf */ = {isa = PBXFileReference; lastKnownFileType = file; path = "Jost-ExtraBoldItalic.ttf"; sourceTree = "<group>"; };
		F76C6BBC2B6A96A900EACFEB /* Jost-Thin.ttf */ = {isa = PBXFileReference; lastKnownFileType = file; path = "Jost-Thin.ttf"; sourceTree = "<group>"; };
		F76C6BBD2B6A96A900EACFEB /* Jost-LightItalic.ttf */ = {isa = PBXFileReference; lastKnownFileType = file; path = "Jost-LightItalic.ttf"; sourceTree = "<group>"; };
		F76C6BBE2B6A96A900EACFEB /* Jost-Black.ttf */ = {isa = PBXFileReference; lastKnownFileType = file; path = "Jost-Black.ttf"; sourceTree = "<group>"; };
		F76C6BBF2B6A96A900EACFEB /* Jost-ExtraLightItalic.ttf */ = {isa = PBXFileReference; lastKnownFileType = file; path = "Jost-ExtraLightItalic.ttf"; sourceTree = "<group>"; };
		F76C6BC02B6A96A900EACFEB /* Jost-Medium.ttf */ = {isa = PBXFileReference; lastKnownFileType = file; path = "Jost-Medium.ttf"; sourceTree = "<group>"; };
		F76C6BC12B6A96A900EACFEB /* Jost-Regular.ttf */ = {isa = PBXFileReference; lastKnownFileType = file; path = "Jost-Regular.ttf"; sourceTree = "<group>"; };
		F76C6BC22B6A96A900EACFEB /* Jost-ExtraBold.ttf */ = {isa = PBXFileReference; lastKnownFileType = file; path = "Jost-ExtraBold.ttf"; sourceTree = "<group>"; };
		F76C6BC32B6A96A900EACFEB /* Jost-Light.ttf */ = {isa = PBXFileReference; lastKnownFileType = file; path = "Jost-Light.ttf"; sourceTree = "<group>"; };
		F76C6BC42B6A96A900EACFEB /* Jost-Italic.ttf */ = {isa = PBXFileReference; lastKnownFileType = file; path = "Jost-Italic.ttf"; sourceTree = "<group>"; };
		F76C6BC52B6A96A900EACFEB /* Jost-SemiBoldItalic.ttf */ = {isa = PBXFileReference; lastKnownFileType = file; path = "Jost-SemiBoldItalic.ttf"; sourceTree = "<group>"; };
		F76C6BC62B6A96A900EACFEB /* Jost-SemiBold.ttf */ = {isa = PBXFileReference; lastKnownFileType = file; path = "Jost-SemiBold.ttf"; sourceTree = "<group>"; };
		F76C6BC72B6A96A900EACFEB /* Jost-MediumItalic.ttf */ = {isa = PBXFileReference; lastKnownFileType = file; path = "Jost-MediumItalic.ttf"; sourceTree = "<group>"; };
		F79083062B9F2C8300B9386E /* NeobisUILabel.swift */ = {isa = PBXFileReference; lastKnownFileType = sourcecode.swift; path = NeobisUILabel.swift; sourceTree = "<group>"; };
		F79083082B9F31B400B9386E /* HomeworkPanelViewController.swift */ = {isa = PBXFileReference; lastKnownFileType = sourcecode.swift; path = HomeworkPanelViewController.swift; sourceTree = "<group>"; };
		F79533F82BDFD461004A76C6 /* SnackBarView.swift */ = {isa = PBXFileReference; lastKnownFileType = sourcecode.swift; path = SnackBarView.swift; sourceTree = "<group>"; };
		F79533FA2BDFF9D8004A76C6 /* Errors.swift */ = {isa = PBXFileReference; lastKnownFileType = sourcecode.swift; path = Errors.swift; sourceTree = "<group>"; };
		F79533FC2BE10098004A76C6 /* SnackbarExtension.swift */ = {isa = PBXFileReference; lastKnownFileType = sourcecode.swift; name = SnackbarExtension.swift; path = NeoSchool/Extensions/SnackbarExtension.swift; sourceTree = SOURCE_ROOT; };
		F79533FE2BE38890004A76C6 /* DetailViewController.swift */ = {isa = PBXFileReference; lastKnownFileType = sourcecode.swift; path = DetailViewController.swift; sourceTree = "<group>"; };
		F79534002BE3C076004A76C6 /* AttachedFilesDetailViewController.swift */ = {isa = PBXFileReference; lastKnownFileType = sourcecode.swift; path = AttachedFilesDetailViewController.swift; sourceTree = "<group>"; };
		F79534022BEA5DD7004A76C6 /* ImagesAPI.swift */ = {isa = PBXFileReference; lastKnownFileType = sourcecode.swift; path = ImagesAPI.swift; sourceTree = "<group>"; };
		F79534042BEBB442004A76C6 /* HomeworkSubmissionViewController.swift */ = {isa = PBXFileReference; lastKnownFileType = sourcecode.swift; path = HomeworkSubmissionViewController.swift; sourceTree = "<group>"; };
		F79534062BEBBF1E004A76C6 /* CommentView.swift */ = {isa = PBXFileReference; lastKnownFileType = sourcecode.swift; name = CommentView.swift; path = NeoSchool/Views/CommentView.swift; sourceTree = SOURCE_ROOT; };
		F7CAE69C2B70A8BE004916E3 /* WeekdayCollectionViewCell.swift */ = {isa = PBXFileReference; lastKnownFileType = sourcecode.swift; path = WeekdayCollectionViewCell.swift; sourceTree = "<group>"; };
		F7CAE6A02B73DD01004916E3 /* WorkdayScheduleViewController.swift */ = {isa = PBXFileReference; lastKnownFileType = sourcecode.swift; path = WorkdayScheduleViewController.swift; sourceTree = "<group>"; };
		F7CAE6A42B762C81004916E3 /* SchoolNavViewController.swift */ = {isa = PBXFileReference; lastKnownFileType = sourcecode.swift; path = SchoolNavViewController.swift; sourceTree = "<group>"; };
		F7CAE6AA2B78F13F004916E3 /* DaySubjectsViewController.swift */ = {isa = PBXFileReference; lastKnownFileType = sourcecode.swift; path = DaySubjectsViewController.swift; sourceTree = "<group>"; };
		F7CAE6AD2B78F4F4004916E3 /* SubjectCollectionViewCell.swift */ = {isa = PBXFileReference; lastKnownFileType = sourcecode.swift; path = SubjectCollectionViewCell.swift; sourceTree = "<group>"; };
		F7CAE6AF2B791D50004916E3 /* GradeView.swift */ = {isa = PBXFileReference; lastKnownFileType = sourcecode.swift; path = GradeView.swift; sourceTree = "<group>"; };
		F7D00B262B9B58370072FAB2 /* SubjectDetailsViewModel.swift */ = {isa = PBXFileReference; lastKnownFileType = sourcecode.swift; path = SubjectDetailsViewModel.swift; sourceTree = "<group>"; };
		F7D6CE2F2BC97E64000CBB1F /* AttachedFilesModel.swift */ = {isa = PBXFileReference; lastKnownFileType = sourcecode.swift; path = AttachedFilesModel.swift; sourceTree = "<group>"; };
		F7E5625A2BD173600029B822 /* DataStringExtension.swift */ = {isa = PBXFileReference; lastKnownFileType = sourcecode.swift; path = DataStringExtension.swift; sourceTree = "<group>"; };
		F7F581622BB84D6B00FFC6C9 /* FilesCollectionViewController.swift */ = {isa = PBXFileReference; lastKnownFileType = sourcecode.swift; path = FilesCollectionViewController.swift; sourceTree = "<group>"; };
		F7F581652BBC49D000FFC6C9 /* FilesCollectionViewCell.swift */ = {isa = PBXFileReference; lastKnownFileType = sourcecode.swift; path = FilesCollectionViewCell.swift; sourceTree = "<group>"; };
/* End PBXFileReference section */

/* Begin PBXFrameworksBuildPhase section */
		F76C6B5C2B67D06900EACFEB /* Frameworks */ = {
			isa = PBXFrameworksBuildPhase;
			buildActionMask = 2147483647;
			files = (
				F76C6B802B693D4900EACFEB /* SnapKit in Frameworks */,
			);
			runOnlyForDeploymentPostprocessing = 0;
		};
/* End PBXFrameworksBuildPhase section */

/* Begin PBXGroup section */
		F71ACC0E2BD78F6600EDE3A6 /* Support */ = {
			isa = PBXGroup;
			children = (
				F71ACC0C2BD78F1C00EDE3A6 /* PlaceholderTextView.swift */,
			);
			path = Support;
			sourceTree = "<group>";
		};
		F76081442B88E08100B6D792 /* API */ = {
			isa = PBXGroup;
			children = (
				F76081402B877D3A00B6D792 /* DayScheduleAPI.swift */,
				F76081422B88DFC300B6D792 /* StudentWeekAPI.swift */,
				F76081452B88E46000B6D792 /* NetworkAPI.swift */,
				F79534022BEA5DD7004A76C6 /* ImagesAPI.swift */,
				F79533FA2BDFF9D8004A76C6 /* Errors.swift */,
			);
			path = API;
			sourceTree = "<group>";
		};
		F76C6B562B67D06900EACFEB = {
			isa = PBXGroup;
			children = (
				F76C6B612B67D06900EACFEB /* NeoSchool */,
				F76C6B602B67D06900EACFEB /* Products */,
			);
			sourceTree = "<group>";
		};
		F76C6B602B67D06900EACFEB /* Products */ = {
			isa = PBXGroup;
			children = (
				F76C6B5F2B67D06900EACFEB /* NeoSchool.app */,
			);
			name = Products;
			sourceTree = "<group>";
		};
		F76C6B612B67D06900EACFEB /* NeoSchool */ = {
			isa = PBXGroup;
			children = (
				F76C6B622B67D06900EACFEB /* AppDelegate.swift */,
				F76C6B642B67D06900EACFEB /* SceneDelegate.swift */,
				F76C6B662B67D06900EACFEB /* MainTabBarViewController.swift */,
				F79083062B9F2C8300B9386E /* NeobisUILabel.swift */,
				F76081472B8A170F00B6D792 /* KEYS.swift */,
				F7E562592BD029B20029B822 /* Models */,
				F76081442B88E08100B6D792 /* API */,
				F7CAE6A62B7634ED004916E3 /* Extensions */,
				F76C6BDA2B6BCC4500EACFEB /* Views */,
				F76C6B762B67E22200EACFEB /* Controllers */,
				F71ACC0E2BD78F6600EDE3A6 /* Support */,
				F76C6BB52B6A96A900EACFEB /* Fonts */,
				F76C6B6B2B67D06B00EACFEB /* Assets.xcassets */,
				F76C6B682B67D06900EACFEB /* Main.storyboard */,
				F76C6B6D2B67D06B00EACFEB /* LaunchScreen.storyboard */,
				F76C6B702B67D06B00EACFEB /* Info.plist */,
			);
			path = NeoSchool;
			sourceTree = "<group>";
		};
		F76C6B762B67E22200EACFEB /* Controllers */ = {
			isa = PBXGroup;
			children = (
				F7CAE6A42B762C81004916E3 /* SchoolNavViewController.swift */,
				F79533FE2BE38890004A76C6 /* DetailViewController.swift */,
				F7CAE6A22B74F4D6004916E3 /* Schedule */,
				F76C6B7A2B67E29000EACFEB /* PerformanceViewController.swift */,
				F76C6B7C2B67E2C500EACFEB /* ProfileViewController.swift */,
			);
			path = Controllers;
			sourceTree = "<group>";
		};
		F76C6BB52B6A96A900EACFEB /* Fonts */ = {
			isa = PBXGroup;
			children = (
				F71ACC0A2BD6A7CC00EDE3A6 /* AppFont.swift */,
				F76C6BB62B6A96A900EACFEB /* Jost-BoldItalic.ttf */,
				F76C6BB72B6A96A900EACFEB /* Jost-Bold.ttf */,
				F76C6BB82B6A96A900EACFEB /* Jost-ThinItalic.ttf */,
				F76C6BB92B6A96A900EACFEB /* Jost-ExtraLight.ttf */,
				F76C6BBA2B6A96A900EACFEB /* Jost-BlackItalic.ttf */,
				F76C6BBB2B6A96A900EACFEB /* Jost-ExtraBoldItalic.ttf */,
				F76C6BBC2B6A96A900EACFEB /* Jost-Thin.ttf */,
				F76C6BBD2B6A96A900EACFEB /* Jost-LightItalic.ttf */,
				F76C6BBE2B6A96A900EACFEB /* Jost-Black.ttf */,
				F76C6BBF2B6A96A900EACFEB /* Jost-ExtraLightItalic.ttf */,
				F76C6BC02B6A96A900EACFEB /* Jost-Medium.ttf */,
				F76C6BC12B6A96A900EACFEB /* Jost-Regular.ttf */,
				F76C6BC22B6A96A900EACFEB /* Jost-ExtraBold.ttf */,
				F76C6BC32B6A96A900EACFEB /* Jost-Light.ttf */,
				F76C6BC42B6A96A900EACFEB /* Jost-Italic.ttf */,
				F76C6BC52B6A96A900EACFEB /* Jost-SemiBoldItalic.ttf */,
				F76C6BC62B6A96A900EACFEB /* Jost-SemiBold.ttf */,
				F76C6BC72B6A96A900EACFEB /* Jost-MediumItalic.ttf */,
			);
			path = Fonts;
			sourceTree = "<group>";
		};
		F76C6BDA2B6BCC4500EACFEB /* Views */ = {
			isa = PBXGroup;
			children = (
				F79533F82BDFD461004A76C6 /* SnackBarView.swift */,
				F76C6B852B694DF900EACFEB /* EllipseView.swift */,
				F7CAE6AF2B791D50004916E3 /* GradeView.swift */,
				F79534062BEBBF1E004A76C6 /* CommentView.swift */,
				F71ACC082BD553D100EDE3A6 /* CommentSubmitView.swift */,
			);
			path = Views;
			sourceTree = "<group>";
		};
		F7CAE6A22B74F4D6004916E3 /* Schedule */ = {
			isa = PBXGroup;
			children = (
				F76C6B782B67E24600EACFEB /* ScheduleViewController.swift */,
				F7CAE6A32B74F528004916E3 /* Subcontrollers */,
			);
			path = Schedule;
			sourceTree = "<group>";
		};
		F7CAE6A32B74F528004916E3 /* Subcontrollers */ = {
			isa = PBXGroup;
			children = (
				F7CAE6A92B78EFBC004916E3 /* HorizontalBar */,
				F7CAE6AC2B78F37A004916E3 /* VerticalBar */,
			);
			path = Subcontrollers;
			sourceTree = "<group>";
		};
		F7CAE6A62B7634ED004916E3 /* Extensions */ = {
			isa = PBXGroup;
			children = (
				F76081492B8B73DA00B6D792 /* StringExtension.swift */,
				F7E5625A2BD173600029B822 /* DataStringExtension.swift */,
				F79533FC2BE10098004A76C6 /* SnackbarExtension.swift */,
			);
			path = Extensions;
			sourceTree = "<group>";
		};
		F7CAE6A92B78EFBC004916E3 /* HorizontalBar */ = {
			isa = PBXGroup;
			children = (
				F7CAE6A02B73DD01004916E3 /* WorkdayScheduleViewController.swift */,
				F7CAE69C2B70A8BE004916E3 /* WeekdayCollectionViewCell.swift */,
			);
			path = HorizontalBar;
			sourceTree = "<group>";
		};
		F7CAE6AC2B78F37A004916E3 /* VerticalBar */ = {
			isa = PBXGroup;
			children = (
				F7CAE6AA2B78F13F004916E3 /* DaySubjectsViewController.swift */,
				F7CAE6AD2B78F4F4004916E3 /* SubjectCollectionViewCell.swift */,
				F7F581612BB8474600FFC6C9 /* SubjectDetails */,
			);
			path = VerticalBar;
			sourceTree = "<group>";
		};
		F7E562592BD029B20029B822 /* Models */ = {
			isa = PBXGroup;
			children = (
				F7D6CE2F2BC97E64000CBB1F /* AttachedFilesModel.swift */,
				F744FD532B7CD3F80054CBC1 /* StudentsModel.swift */,
			);
			path = Models;
			sourceTree = "<group>";
		};
		F7F581612BB8474600FFC6C9 /* SubjectDetails */ = {
			isa = PBXGroup;
			children = (
				F7D00B262B9B58370072FAB2 /* SubjectDetailsViewModel.swift */,
				F760814B2B8B75CA00B6D792 /* SubjectDetailsViewController.swift */,
				F79534042BEBB442004A76C6 /* HomeworkSubmissionViewController.swift */,
				F79534002BE3C076004A76C6 /* AttachedFilesDetailViewController.swift */,
				F79083082B9F31B400B9386E /* HomeworkPanelViewController.swift */,
				F7F581642BBC494D00FFC6C9 /* AttachedFiles */,
			);
			path = SubjectDetails;
			sourceTree = "<group>";
		};
		F7F581642BBC494D00FFC6C9 /* AttachedFiles */ = {
			isa = PBXGroup;
			children = (
				F7F581622BB84D6B00FFC6C9 /* FilesCollectionViewController.swift */,
				F7F581652BBC49D000FFC6C9 /* FilesCollectionViewCell.swift */,
			);
			path = AttachedFiles;
			sourceTree = "<group>";
		};
/* End PBXGroup section */

/* Begin PBXNativeTarget section */
		F76C6B5E2B67D06900EACFEB /* NeoSchool */ = {
			isa = PBXNativeTarget;
			buildConfigurationList = F76C6B732B67D06B00EACFEB /* Build configuration list for PBXNativeTarget "NeoSchool" */;
			buildPhases = (
				F76C6B5B2B67D06900EACFEB /* Sources */,
				F76C6B5C2B67D06900EACFEB /* Frameworks */,
				F76C6B5D2B67D06900EACFEB /* Resources */,
			);
			buildRules = (
			);
			dependencies = (
			);
			name = NeoSchool;
			packageProductDependencies = (
				F76C6B7F2B693D4900EACFEB /* SnapKit */,
			);
			productName = NeoSchool;
			productReference = F76C6B5F2B67D06900EACFEB /* NeoSchool.app */;
			productType = "com.apple.product-type.application";
		};
/* End PBXNativeTarget section */

/* Begin PBXProject section */
		F76C6B572B67D06900EACFEB /* Project object */ = {
			isa = PBXProject;
			attributes = {
				BuildIndependentTargetsInParallel = 1;
				LastSwiftUpdateCheck = 1520;
				LastUpgradeCheck = 1520;
				TargetAttributes = {
					F76C6B5E2B67D06900EACFEB = {
						CreatedOnToolsVersion = 15.2;
					};
				};
			};
			buildConfigurationList = F76C6B5A2B67D06900EACFEB /* Build configuration list for PBXProject "NeoSchool" */;
			compatibilityVersion = "Xcode 14.0";
			developmentRegion = en;
			hasScannedForEncodings = 0;
			knownRegions = (
				en,
				Base,
			);
			mainGroup = F76C6B562B67D06900EACFEB;
			packageReferences = (
				F76C6B7E2B693D4900EACFEB /* XCRemoteSwiftPackageReference "SnapKit" */,
			);
			productRefGroup = F76C6B602B67D06900EACFEB /* Products */;
			projectDirPath = "";
			projectRoot = "";
			targets = (
				F76C6B5E2B67D06900EACFEB /* NeoSchool */,
			);
		};
/* End PBXProject section */

/* Begin PBXResourcesBuildPhase section */
		F76C6B5D2B67D06900EACFEB /* Resources */ = {
			isa = PBXResourcesBuildPhase;
			buildActionMask = 2147483647;
			files = (
				F76C6BD42B6A96A900EACFEB /* Jost-ExtraBold.ttf in Resources */,
				F76C6BD82B6A96A900EACFEB /* Jost-SemiBold.ttf in Resources */,
				F76C6BD52B6A96A900EACFEB /* Jost-Light.ttf in Resources */,
				F76C6BD12B6A96A900EACFEB /* Jost-ExtraLightItalic.ttf in Resources */,
				F76C6BCD2B6A96A900EACFEB /* Jost-ExtraBoldItalic.ttf in Resources */,
				F76C6BCC2B6A96A900EACFEB /* Jost-BlackItalic.ttf in Resources */,
				F76C6BCB2B6A96A900EACFEB /* Jost-ExtraLight.ttf in Resources */,
				F76C6BCE2B6A96A900EACFEB /* Jost-Thin.ttf in Resources */,
				F76C6BD72B6A96A900EACFEB /* Jost-SemiBoldItalic.ttf in Resources */,
				F76C6BD02B6A96A900EACFEB /* Jost-Black.ttf in Resources */,
				F76C6B6F2B67D06B00EACFEB /* LaunchScreen.storyboard in Resources */,
				F76C6BCA2B6A96A900EACFEB /* Jost-ThinItalic.ttf in Resources */,
				F76C6B6C2B67D06B00EACFEB /* Assets.xcassets in Resources */,
				F76C6BD22B6A96A900EACFEB /* Jost-Medium.ttf in Resources */,
				F76C6BD62B6A96A900EACFEB /* Jost-Italic.ttf in Resources */,
				F76C6BC92B6A96A900EACFEB /* Jost-Bold.ttf in Resources */,
				F76C6B6A2B67D06900EACFEB /* Main.storyboard in Resources */,
				F76C6BC82B6A96A900EACFEB /* Jost-BoldItalic.ttf in Resources */,
				F76C6BCF2B6A96A900EACFEB /* Jost-LightItalic.ttf in Resources */,
				F76C6BD32B6A96A900EACFEB /* Jost-Regular.ttf in Resources */,
				F76C6BD92B6A96A900EACFEB /* Jost-MediumItalic.ttf in Resources */,
			);
			runOnlyForDeploymentPostprocessing = 0;
		};
/* End PBXResourcesBuildPhase section */

/* Begin PBXSourcesBuildPhase section */
		F76C6B5B2B67D06900EACFEB /* Sources */ = {
			isa = PBXSourcesBuildPhase;
			buildActionMask = 2147483647;
			files = (
				F71ACC092BD553D100EDE3A6 /* CommentSubmitView.swift in Sources */,
				F79533FF2BE38890004A76C6 /* DetailViewController.swift in Sources */,
				F7CAE6A12B73DD01004916E3 /* WorkdayScheduleViewController.swift in Sources */,
				F76081482B8A170F00B6D792 /* KEYS.swift in Sources */,
				F79083072B9F2C8300B9386E /* NeobisUILabel.swift in Sources */,
				F79533FB2BDFF9D8004A76C6 /* Errors.swift in Sources */,
				F79083092B9F31B400B9386E /* HomeworkPanelViewController.swift in Sources */,
				F7F581662BBC49D000FFC6C9 /* FilesCollectionViewCell.swift in Sources */,
				F7F581632BB84D6B00FFC6C9 /* FilesCollectionViewController.swift in Sources */,
				F7CAE6AB2B78F13F004916E3 /* DaySubjectsViewController.swift in Sources */,
				F76C6B7D2B67E2C500EACFEB /* ProfileViewController.swift in Sources */,
				F71ACC0D2BD78F1C00EDE3A6 /* PlaceholderTextView.swift in Sources */,
				F79533F92BDFD461004A76C6 /* SnackBarView.swift in Sources */,
				F7CAE6B02B791D50004916E3 /* GradeView.swift in Sources */,
				F7CAE6A52B762C81004916E3 /* SchoolNavViewController.swift in Sources */,
				F76081462B88E46000B6D792 /* NetworkAPI.swift in Sources */,
				F76C6B672B67D06900EACFEB /* MainTabBarViewController.swift in Sources */,
				F76C6B632B67D06900EACFEB /* AppDelegate.swift in Sources */,
				F76C6B652B67D06900EACFEB /* SceneDelegate.swift in Sources */,
				F76C6B862B694DF900EACFEB /* EllipseView.swift in Sources */,
				F79534072BEBBF1E004A76C6 /* CommentView.swift in Sources */,
				F79534052BEBB443004A76C6 /* HomeworkSubmissionViewController.swift in Sources */,
				F7D6CE302BC97E64000CBB1F /* AttachedFilesModel.swift in Sources */,
				F76C6B792B67E24600EACFEB /* ScheduleViewController.swift in Sources */,
				F71ACC0B2BD6A7CC00EDE3A6 /* AppFont.swift in Sources */,
				F7D00B272B9B58370072FAB2 /* SubjectDetailsViewModel.swift in Sources */,
				F7CAE6AE2B78F4F4004916E3 /* SubjectCollectionViewCell.swift in Sources */,
				F7CAE69D2B70A8BE004916E3 /* WeekdayCollectionViewCell.swift in Sources */,
				F76081432B88DFC300B6D792 /* StudentWeekAPI.swift in Sources */,
				F7E5625B2BD173600029B822 /* DataStringExtension.swift in Sources */,
				F76C6B7B2B67E29000EACFEB /* PerformanceViewController.swift in Sources */,
				F760814A2B8B73DA00B6D792 /* StringExtension.swift in Sources */,
				F79534012BE3C076004A76C6 /* AttachedFilesDetailViewController.swift in Sources */,
				F76081412B877D3A00B6D792 /* DayScheduleAPI.swift in Sources */,
				F760814C2B8B75CA00B6D792 /* SubjectDetailsViewController.swift in Sources */,
				F744FD542B7CD3F80054CBC1 /* StudentsModel.swift in Sources */,
				F79534032BEA5DD7004A76C6 /* ImagesAPI.swift in Sources */,
				F79533FD2BE10098004A76C6 /* SnackbarExtension.swift in Sources */,
			);
			runOnlyForDeploymentPostprocessing = 0;
		};
/* End PBXSourcesBuildPhase section */

/* Begin PBXVariantGroup section */
		F76C6B682B67D06900EACFEB /* Main.storyboard */ = {
			isa = PBXVariantGroup;
			children = (
				F76C6B692B67D06900EACFEB /* Base */,
			);
			name = Main.storyboard;
			sourceTree = "<group>";
		};
		F76C6B6D2B67D06B00EACFEB /* LaunchScreen.storyboard */ = {
			isa = PBXVariantGroup;
			children = (
				F76C6B6E2B67D06B00EACFEB /* Base */,
			);
			name = LaunchScreen.storyboard;
			sourceTree = "<group>";
		};
/* End PBXVariantGroup section */

/* Begin XCBuildConfiguration section */
		F76C6B712B67D06B00EACFEB /* Debug */ = {
			isa = XCBuildConfiguration;
			buildSettings = {
				ALWAYS_SEARCH_USER_PATHS = NO;
				ASSETCATALOG_COMPILER_GENERATE_SWIFT_ASSET_SYMBOL_EXTENSIONS = YES;
				CLANG_ANALYZER_NONNULL = YES;
				CLANG_ANALYZER_NUMBER_OBJECT_CONVERSION = YES_AGGRESSIVE;
				CLANG_CXX_LANGUAGE_STANDARD = "gnu++20";
				CLANG_ENABLE_MODULES = YES;
				CLANG_ENABLE_OBJC_ARC = YES;
				CLANG_ENABLE_OBJC_WEAK = YES;
				CLANG_WARN_BLOCK_CAPTURE_AUTORELEASING = YES;
				CLANG_WARN_BOOL_CONVERSION = YES;
				CLANG_WARN_COMMA = YES;
				CLANG_WARN_CONSTANT_CONVERSION = YES;
				CLANG_WARN_DEPRECATED_OBJC_IMPLEMENTATIONS = YES;
				CLANG_WARN_DIRECT_OBJC_ISA_USAGE = YES_ERROR;
				CLANG_WARN_DOCUMENTATION_COMMENTS = YES;
				CLANG_WARN_EMPTY_BODY = YES;
				CLANG_WARN_ENUM_CONVERSION = YES;
				CLANG_WARN_INFINITE_RECURSION = YES;
				CLANG_WARN_INT_CONVERSION = YES;
				CLANG_WARN_NON_LITERAL_NULL_CONVERSION = YES;
				CLANG_WARN_OBJC_IMPLICIT_RETAIN_SELF = YES;
				CLANG_WARN_OBJC_LITERAL_CONVERSION = YES;
				CLANG_WARN_OBJC_ROOT_CLASS = YES_ERROR;
				CLANG_WARN_QUOTED_INCLUDE_IN_FRAMEWORK_HEADER = YES;
				CLANG_WARN_RANGE_LOOP_ANALYSIS = YES;
				CLANG_WARN_STRICT_PROTOTYPES = YES;
				CLANG_WARN_SUSPICIOUS_MOVE = YES;
				CLANG_WARN_UNGUARDED_AVAILABILITY = YES_AGGRESSIVE;
				CLANG_WARN_UNREACHABLE_CODE = YES;
				CLANG_WARN__DUPLICATE_METHOD_MATCH = YES;
				COPY_PHASE_STRIP = NO;
				DEBUG_INFORMATION_FORMAT = dwarf;
				ENABLE_STRICT_OBJC_MSGSEND = YES;
				ENABLE_TESTABILITY = YES;
				ENABLE_USER_SCRIPT_SANDBOXING = YES;
				GCC_C_LANGUAGE_STANDARD = gnu17;
				GCC_DYNAMIC_NO_PIC = NO;
				GCC_NO_COMMON_BLOCKS = YES;
				GCC_OPTIMIZATION_LEVEL = 0;
				GCC_PREPROCESSOR_DEFINITIONS = (
					"DEBUG=1",
					"$(inherited)",
				);
				GCC_WARN_64_TO_32_BIT_CONVERSION = YES;
				GCC_WARN_ABOUT_RETURN_TYPE = YES_ERROR;
				GCC_WARN_UNDECLARED_SELECTOR = YES;
				GCC_WARN_UNINITIALIZED_AUTOS = YES_AGGRESSIVE;
				GCC_WARN_UNUSED_FUNCTION = YES;
				GCC_WARN_UNUSED_VARIABLE = YES;
				IPHONEOS_DEPLOYMENT_TARGET = 17.2;
				LOCALIZATION_PREFERS_STRING_CATALOGS = YES;
				MTL_ENABLE_DEBUG_INFO = INCLUDE_SOURCE;
				MTL_FAST_MATH = YES;
				ONLY_ACTIVE_ARCH = YES;
				SDKROOT = iphoneos;
				SWIFT_ACTIVE_COMPILATION_CONDITIONS = "DEBUG $(inherited)";
				SWIFT_OPTIMIZATION_LEVEL = "-Onone";
			};
			name = Debug;
		};
		F76C6B722B67D06B00EACFEB /* Release */ = {
			isa = XCBuildConfiguration;
			buildSettings = {
				ALWAYS_SEARCH_USER_PATHS = NO;
				ASSETCATALOG_COMPILER_GENERATE_SWIFT_ASSET_SYMBOL_EXTENSIONS = YES;
				CLANG_ANALYZER_NONNULL = YES;
				CLANG_ANALYZER_NUMBER_OBJECT_CONVERSION = YES_AGGRESSIVE;
				CLANG_CXX_LANGUAGE_STANDARD = "gnu++20";
				CLANG_ENABLE_MODULES = YES;
				CLANG_ENABLE_OBJC_ARC = YES;
				CLANG_ENABLE_OBJC_WEAK = YES;
				CLANG_WARN_BLOCK_CAPTURE_AUTORELEASING = YES;
				CLANG_WARN_BOOL_CONVERSION = YES;
				CLANG_WARN_COMMA = YES;
				CLANG_WARN_CONSTANT_CONVERSION = YES;
				CLANG_WARN_DEPRECATED_OBJC_IMPLEMENTATIONS = YES;
				CLANG_WARN_DIRECT_OBJC_ISA_USAGE = YES_ERROR;
				CLANG_WARN_DOCUMENTATION_COMMENTS = YES;
				CLANG_WARN_EMPTY_BODY = YES;
				CLANG_WARN_ENUM_CONVERSION = YES;
				CLANG_WARN_INFINITE_RECURSION = YES;
				CLANG_WARN_INT_CONVERSION = YES;
				CLANG_WARN_NON_LITERAL_NULL_CONVERSION = YES;
				CLANG_WARN_OBJC_IMPLICIT_RETAIN_SELF = YES;
				CLANG_WARN_OBJC_LITERAL_CONVERSION = YES;
				CLANG_WARN_OBJC_ROOT_CLASS = YES_ERROR;
				CLANG_WARN_QUOTED_INCLUDE_IN_FRAMEWORK_HEADER = YES;
				CLANG_WARN_RANGE_LOOP_ANALYSIS = YES;
				CLANG_WARN_STRICT_PROTOTYPES = YES;
				CLANG_WARN_SUSPICIOUS_MOVE = YES;
				CLANG_WARN_UNGUARDED_AVAILABILITY = YES_AGGRESSIVE;
				CLANG_WARN_UNREACHABLE_CODE = YES;
				CLANG_WARN__DUPLICATE_METHOD_MATCH = YES;
				COPY_PHASE_STRIP = NO;
				DEBUG_INFORMATION_FORMAT = "dwarf-with-dsym";
				ENABLE_NS_ASSERTIONS = NO;
				ENABLE_STRICT_OBJC_MSGSEND = YES;
				ENABLE_USER_SCRIPT_SANDBOXING = YES;
				GCC_C_LANGUAGE_STANDARD = gnu17;
				GCC_NO_COMMON_BLOCKS = YES;
				GCC_WARN_64_TO_32_BIT_CONVERSION = YES;
				GCC_WARN_ABOUT_RETURN_TYPE = YES_ERROR;
				GCC_WARN_UNDECLARED_SELECTOR = YES;
				GCC_WARN_UNINITIALIZED_AUTOS = YES_AGGRESSIVE;
				GCC_WARN_UNUSED_FUNCTION = YES;
				GCC_WARN_UNUSED_VARIABLE = YES;
				IPHONEOS_DEPLOYMENT_TARGET = 17.2;
				LOCALIZATION_PREFERS_STRING_CATALOGS = YES;
				MTL_ENABLE_DEBUG_INFO = NO;
				MTL_FAST_MATH = YES;
				SDKROOT = iphoneos;
				SWIFT_COMPILATION_MODE = wholemodule;
				VALIDATE_PRODUCT = YES;
			};
			name = Release;
		};
		F76C6B742B67D06B00EACFEB /* Debug */ = {
			isa = XCBuildConfiguration;
			buildSettings = {
				ASSETCATALOG_COMPILER_APPICON_NAME = AppIcon;
				ASSETCATALOG_COMPILER_GLOBAL_ACCENT_COLOR_NAME = AccentColor;
				CODE_SIGN_STYLE = Automatic;
				CURRENT_PROJECT_VERSION = 1;
				DEVELOPMENT_TEAM = P4JWM35345;
				GENERATE_INFOPLIST_FILE = YES;
				INFOPLIST_FILE = NeoSchool/Info.plist;
				INFOPLIST_KEY_UIApplicationSupportsIndirectInputEvents = YES;
				INFOPLIST_KEY_UILaunchStoryboardName = LaunchScreen;
				INFOPLIST_KEY_UISupportedInterfaceOrientations_iPad = "UIInterfaceOrientationPortrait UIInterfaceOrientationPortraitUpsideDown UIInterfaceOrientationLandscapeLeft UIInterfaceOrientationLandscapeRight";
				INFOPLIST_KEY_UISupportedInterfaceOrientations_iPhone = "UIInterfaceOrientationPortrait UIInterfaceOrientationLandscapeLeft UIInterfaceOrientationLandscapeRight";
				IPHONEOS_DEPLOYMENT_TARGET = 16.6;
				LD_RUNPATH_SEARCH_PATHS = (
					"$(inherited)",
					"@executable_path/Frameworks",
				);
				MARKETING_VERSION = 1.0;
				PRODUCT_BUNDLE_IDENTIFIER = ab.NeoSchool;
				PRODUCT_NAME = "$(TARGET_NAME)";
				SWIFT_EMIT_LOC_STRINGS = YES;
				SWIFT_VERSION = 5.0;
				TARGETED_DEVICE_FAMILY = "1,2";
			};
			name = Debug;
		};
		F76C6B752B67D06B00EACFEB /* Release */ = {
			isa = XCBuildConfiguration;
			buildSettings = {
				ASSETCATALOG_COMPILER_APPICON_NAME = AppIcon;
				ASSETCATALOG_COMPILER_GLOBAL_ACCENT_COLOR_NAME = AccentColor;
				CODE_SIGN_STYLE = Automatic;
				CURRENT_PROJECT_VERSION = 1;
				DEVELOPMENT_TEAM = P4JWM35345;
				GENERATE_INFOPLIST_FILE = YES;
				INFOPLIST_FILE = NeoSchool/Info.plist;
				INFOPLIST_KEY_UIApplicationSupportsIndirectInputEvents = YES;
				INFOPLIST_KEY_UILaunchStoryboardName = LaunchScreen;
				INFOPLIST_KEY_UISupportedInterfaceOrientations_iPad = "UIInterfaceOrientationPortrait UIInterfaceOrientationPortraitUpsideDown UIInterfaceOrientationLandscapeLeft UIInterfaceOrientationLandscapeRight";
				INFOPLIST_KEY_UISupportedInterfaceOrientations_iPhone = "UIInterfaceOrientationPortrait UIInterfaceOrientationLandscapeLeft UIInterfaceOrientationLandscapeRight";
				IPHONEOS_DEPLOYMENT_TARGET = 16.6;
				LD_RUNPATH_SEARCH_PATHS = (
					"$(inherited)",
					"@executable_path/Frameworks",
				);
				MARKETING_VERSION = 1.0;
				PRODUCT_BUNDLE_IDENTIFIER = ab.NeoSchool;
				PRODUCT_NAME = "$(TARGET_NAME)";
				SWIFT_EMIT_LOC_STRINGS = YES;
				SWIFT_VERSION = 5.0;
				TARGETED_DEVICE_FAMILY = "1,2";
			};
			name = Release;
		};
/* End XCBuildConfiguration section */

/* Begin XCConfigurationList section */
		F76C6B5A2B67D06900EACFEB /* Build configuration list for PBXProject "NeoSchool" */ = {
			isa = XCConfigurationList;
			buildConfigurations = (
				F76C6B712B67D06B00EACFEB /* Debug */,
				F76C6B722B67D06B00EACFEB /* Release */,
			);
			defaultConfigurationIsVisible = 0;
			defaultConfigurationName = Release;
		};
		F76C6B732B67D06B00EACFEB /* Build configuration list for PBXNativeTarget "NeoSchool" */ = {
			isa = XCConfigurationList;
			buildConfigurations = (
				F76C6B742B67D06B00EACFEB /* Debug */,
				F76C6B752B67D06B00EACFEB /* Release */,
			);
			defaultConfigurationIsVisible = 0;
			defaultConfigurationName = Release;
		};
/* End XCConfigurationList section */

/* Begin XCRemoteSwiftPackageReference section */
		F76C6B7E2B693D4900EACFEB /* XCRemoteSwiftPackageReference "SnapKit" */ = {
			isa = XCRemoteSwiftPackageReference;
			repositoryURL = "https://github.com/SnapKit/SnapKit.git";
			requirement = {
				kind = upToNextMajorVersion;
				minimumVersion = 5.7.0;
			};
		};
/* End XCRemoteSwiftPackageReference section */

/* Begin XCSwiftPackageProductDependency section */
		F76C6B7F2B693D4900EACFEB /* SnapKit */ = {
			isa = XCSwiftPackageProductDependency;
			package = F76C6B7E2B693D4900EACFEB /* XCRemoteSwiftPackageReference "SnapKit" */;
			productName = SnapKit;
		};
/* End XCSwiftPackageProductDependency section */
	};
	rootObject = F76C6B572B67D06900EACFEB /* Project object */;
}
